// !$*UTF8*$!
{
	archiveVersion = 1;
	classes = {
	};
	objectVersion = 51;
	objects = {

/* Begin PBXBuildFile section */
		04472EF82178AA8C0041A20A /* main.cpp in Sources */ = {isa = PBXBuildFile; fileRef = 04472EF72178AA8C0041A20A /* main.cpp */; };
		04472F072178ACEB0041A20A /* stb_image.cpp in Sources */ = {isa = PBXBuildFile; fileRef = 04472F052178ACEB0041A20A /* stb_image.cpp */; };
		04472F0B2178AD390041A20A /* shader.cpp in Sources */ = {isa = PBXBuildFile; fileRef = 04472F082178AD390041A20A /* shader.cpp */; };
		04474A3C23BDBBE0004451EA /* GLUT.framework in Frameworks */ = {isa = PBXBuildFile; fileRef = 04474A3423BDBBE0004451EA /* GLUT.framework */; settings = {ATTRIBUTES = (Required, ); }; };
		04474A3D23BDBBE0004451EA /* OpenGL.framework in Frameworks */ = {isa = PBXBuildFile; fileRef = 04474A3523BDBBE0004451EA /* OpenGL.framework */; settings = {ATTRIBUTES = (Required, ); }; };
		04474A3F23BDBBE0004451EA /* Cocoa.framework in Frameworks */ = {isa = PBXBuildFile; fileRef = 04474A3723BDBBE0004451EA /* Cocoa.framework */; settings = {ATTRIBUTES = (Required, ); }; };
		04474A4023BDBBE0004451EA /* IOKit.framework in Frameworks */ = {isa = PBXBuildFile; fileRef = 04474A3823BDBBE0004451EA /* IOKit.framework */; settings = {ATTRIBUTES = (Required, ); }; };
		04474A4323BDBBE0004451EA /* CoreVideo.framework in Frameworks */ = {isa = PBXBuildFile; fileRef = 04474A3B23BDBBE0004451EA /* CoreVideo.framework */; settings = {ATTRIBUTES = (Required, ); }; };
		045086AC21BBAA7D00BF1189 /* MarchingCube.cpp in Sources */ = {isa = PBXBuildFile; fileRef = 045086AA21BBAA7D00BF1189 /* MarchingCube.cpp */; };
		04B6DFC623C2DFEA00516FC9 /* libGLEW.a in Frameworks */ = {isa = PBXBuildFile; fileRef = 04B6DFC523C2DFEA00516FC9 /* libGLEW.a */; settings = {ATTRIBUTES = (Required, ); }; };
		04B6DFC823C2E00C00516FC9 /* libgltools.a in Frameworks */ = {isa = PBXBuildFile; fileRef = 04B6DFC723C2E00C00516FC9 /* libgltools.a */; settings = {ATTRIBUTES = (Required, ); }; };
		04B6DFCA23C2E02100516FC9 /* libglfw3.a in Frameworks */ = {isa = PBXBuildFile; fileRef = 04B6DFC923C2E02100516FC9 /* libglfw3.a */; settings = {ATTRIBUTES = (Required, ); }; };
		04B6DFCD23C2E37800516FC9 /* IOKit.framework in CopyFiles */ = {isa = PBXBuildFile; fileRef = 04474A3823BDBBE0004451EA /* IOKit.framework */; settings = {ATTRIBUTES = (RemoveHeadersOnCopy, ); }; };
		04B6DFCE23C2E38000516FC9 /* CoreVideo.framework in CopyFiles */ = {isa = PBXBuildFile; fileRef = 04474A3B23BDBBE0004451EA /* CoreVideo.framework */; settings = {ATTRIBUTES = (RemoveHeadersOnCopy, ); }; };
		04B6DFCF23C2E38500516FC9 /* Cocoa.framework in CopyFiles */ = {isa = PBXBuildFile; fileRef = 04474A3723BDBBE0004451EA /* Cocoa.framework */; settings = {ATTRIBUTES = (RemoveHeadersOnCopy, ); }; };
		04B6DFD023C2E38900516FC9 /* libGLEW.a in CopyFiles */ = {isa = PBXBuildFile; fileRef = 04B6DFC523C2DFEA00516FC9 /* libGLEW.a */; settings = {ATTRIBUTES = (CodeSignOnCopy, ); }; };
		04B6DFD123C2E38D00516FC9 /* libglfw3.a in CopyFiles */ = {isa = PBXBuildFile; fileRef = 04B6DFC923C2E02100516FC9 /* libglfw3.a */; settings = {ATTRIBUTES = (CodeSignOnCopy, ); }; };
		04B6DFD223C2E39100516FC9 /* libgltools.a in CopyFiles */ = {isa = PBXBuildFile; fileRef = 04B6DFC723C2E00C00516FC9 /* libgltools.a */; settings = {ATTRIBUTES = (CodeSignOnCopy, ); }; };
		04B6DFD323C2E39400516FC9 /* OpenGL.framework in CopyFiles */ = {isa = PBXBuildFile; fileRef = 04474A3523BDBBE0004451EA /* OpenGL.framework */; settings = {ATTRIBUTES = (RemoveHeadersOnCopy, ); }; };
		04B6DFD423C2E39800516FC9 /* GLUT.framework in CopyFiles */ = {isa = PBXBuildFile; fileRef = 04474A3423BDBBE0004451EA /* GLUT.framework */; settings = {ATTRIBUTES = (RemoveHeadersOnCopy, ); }; };
		04B7AE9E21906731004D3EB3 /* NeighborTable.cpp in Sources */ = {isa = PBXBuildFile; fileRef = 04B7AE9D21906731004D3EB3 /* NeighborTable.cpp */; };
		04D122B221C77C560025A6FC /* Box.cpp in Sources */ = {isa = PBXBuildFile; fileRef = 04D122AE21C77C560025A6FC /* Box.cpp */; };
		04D122B321C77C560025A6FC /* Point.cpp in Sources */ = {isa = PBXBuildFile; fileRef = 04D122AF21C77C560025A6FC /* Point.cpp */; };
		04E5294A2192BFF8009FF3D7 /* FluidSystem.cpp in Sources */ = {isa = PBXBuildFile; fileRef = 04E529492192BFF8009FF3D7 /* FluidSystem.cpp */; };
/* End PBXBuildFile section */

/* Begin PBXCopyFilesBuildPhase section */
		04472EF22178AA8C0041A20A /* CopyFiles */ = {
			isa = PBXCopyFilesBuildPhase;
			buildActionMask = 2147483647;
			dstPath = /usr/share/man/man1/;
			dstSubfolderSpec = 0;
			files = (
			);
			runOnlyForDeploymentPostprocessing = 1;
		};
		04B6DFCC23C2E36B00516FC9 /* CopyFiles */ = {
			isa = PBXCopyFilesBuildPhase;
			buildActionMask = 2147483647;
			dstPath = "";
			dstSubfolderSpec = 10;
			files = (
				04B6DFD423C2E39800516FC9 /* GLUT.framework in CopyFiles */,
				04B6DFD323C2E39400516FC9 /* OpenGL.framework in CopyFiles */,
				04B6DFD223C2E39100516FC9 /* libgltools.a in CopyFiles */,
				04B6DFD123C2E38D00516FC9 /* libglfw3.a in CopyFiles */,
				04B6DFD023C2E38900516FC9 /* libGLEW.a in CopyFiles */,
				04B6DFCF23C2E38500516FC9 /* Cocoa.framework in CopyFiles */,
				04B6DFCE23C2E38000516FC9 /* CoreVideo.framework in CopyFiles */,
				04B6DFCD23C2E37800516FC9 /* IOKit.framework in CopyFiles */,
			);
			runOnlyForDeploymentPostprocessing = 0;
		};
/* End PBXCopyFilesBuildPhase section */

/* Begin PBXFileReference section */
		04472EF42178AA8C0041A20A /* SPH_T */ = {isa = PBXFileReference; explicitFileType = "compiled.mach-o.executable"; includeInIndex = 0; path = SPH_T; sourceTree = BUILT_PRODUCTS_DIR; };
		04472EF72178AA8C0041A20A /* main.cpp */ = {isa = PBXFileReference; lastKnownFileType = sourcecode.cpp.cpp; path = main.cpp; sourceTree = "<group>"; };
		04472F052178ACEB0041A20A /* stb_image.cpp */ = {isa = PBXFileReference; fileEncoding = 4; lastKnownFileType = sourcecode.cpp.cpp; path = stb_image.cpp; sourceTree = "<group>"; };
		04472F062178ACEB0041A20A /* stb_image.h */ = {isa = PBXFileReference; fileEncoding = 4; lastKnownFileType = sourcecode.c.h; path = stb_image.h; sourceTree = "<group>"; };
		04472F082178AD390041A20A /* shader.cpp */ = {isa = PBXFileReference; fileEncoding = 4; lastKnownFileType = sourcecode.cpp.cpp; path = shader.cpp; sourceTree = "<group>"; };
		04472F092178AD390041A20A /* Camera.hpp */ = {isa = PBXFileReference; fileEncoding = 4; lastKnownFileType = sourcecode.cpp.h; path = Camera.hpp; sourceTree = "<group>"; };
		04472F0A2178AD390041A20A /* shader.h */ = {isa = PBXFileReference; fileEncoding = 4; lastKnownFileType = sourcecode.c.h; path = shader.h; sourceTree = "<group>"; };
		04472F0C2178ADEF0041A20A /* water.vs */ = {isa = PBXFileReference; explicitFileType = sourcecode.glsl; path = water.vs; sourceTree = "<group>"; };
		04472F0D2178AE040041A20A /* water.frag */ = {isa = PBXFileReference; explicitFileType = sourcecode.glsl; path = water.frag; sourceTree = "<group>"; };
		04474A3423BDBBE0004451EA /* GLUT.framework */ = {isa = PBXFileReference; lastKnownFileType = wrapper.framework; name = GLUT.framework; path = System/Library/Frameworks/GLUT.framework; sourceTree = SDKROOT; };
		04474A3523BDBBE0004451EA /* OpenGL.framework */ = {isa = PBXFileReference; lastKnownFileType = wrapper.framework; name = OpenGL.framework; path = System/Library/Frameworks/OpenGL.framework; sourceTree = SDKROOT; };
		04474A3723BDBBE0004451EA /* Cocoa.framework */ = {isa = PBXFileReference; lastKnownFileType = wrapper.framework; name = Cocoa.framework; path = System/Library/Frameworks/Cocoa.framework; sourceTree = SDKROOT; };
		04474A3823BDBBE0004451EA /* IOKit.framework */ = {isa = PBXFileReference; lastKnownFileType = wrapper.framework; name = IOKit.framework; path = System/Library/Frameworks/IOKit.framework; sourceTree = SDKROOT; };
		04474A3B23BDBBE0004451EA /* CoreVideo.framework */ = {isa = PBXFileReference; lastKnownFileType = wrapper.framework; name = CoreVideo.framework; path = System/Library/Frameworks/CoreVideo.framework; sourceTree = SDKROOT; };
		045086AA21BBAA7D00BF1189 /* MarchingCube.cpp */ = {isa = PBXFileReference; lastKnownFileType = sourcecode.cpp.cpp; path = MarchingCube.cpp; sourceTree = "<group>"; };
		045086AB21BBAA7D00BF1189 /* MarchingCube.h */ = {isa = PBXFileReference; lastKnownFileType = sourcecode.c.h; path = MarchingCube.h; sourceTree = "<group>"; };
		04B6DFC523C2DFEA00516FC9 /* libGLEW.a */ = {isa = PBXFileReference; lastKnownFileType = archive.ar; name = libGLEW.a; path = source/glew/2.1.0_1/lib/libGLEW.a; sourceTree = "<group>"; };
		04B6DFC723C2E00C00516FC9 /* libgltools.a */ = {isa = PBXFileReference; lastKnownFileType = archive.ar; name = libgltools.a; path = source/lib/GLTools/build/libgltools.a; sourceTree = "<group>"; };
		04B6DFC923C2E02100516FC9 /* libglfw3.a */ = {isa = PBXFileReference; lastKnownFileType = archive.ar; name = libglfw3.a; path = source/lib/local/lib/libglfw3.a; sourceTree = "<group>"; };
		04B7AE9921905637004D3EB3 /* NeighborTable.h */ = {isa = PBXFileReference; lastKnownFileType = sourcecode.c.h; path = NeighborTable.h; sourceTree = "<group>"; };
		04B7AE9A2190566A004D3EB3 /* FluidSystem.h */ = {isa = PBXFileReference; lastKnownFileType = sourcecode.c.h; path = FluidSystem.h; sourceTree = "<group>"; };
		04B7AE9D21906731004D3EB3 /* NeighborTable.cpp */ = {isa = PBXFileReference; lastKnownFileType = sourcecode.cpp.cpp; path = NeighborTable.cpp; sourceTree = "<group>"; };
		04B98D3721D111FC00F15D07 /* sky.vs */ = {isa = PBXFileReference; explicitFileType = sourcecode.glsl; fileEncoding = 4; path = sky.vs; sourceTree = "<group>"; };
		04B98D3821D111FC00F15D07 /* sky.frag */ = {isa = PBXFileReference; explicitFileType = sourcecode.glsl; fileEncoding = 4; path = sky.frag; sourceTree = "<group>"; };
		04D122AE21C77C560025A6FC /* Box.cpp */ = {isa = PBXFileReference; fileEncoding = 4; lastKnownFileType = sourcecode.cpp.cpp; path = Box.cpp; sourceTree = "<group>"; };
		04D122AF21C77C560025A6FC /* Point.cpp */ = {isa = PBXFileReference; fileEncoding = 4; lastKnownFileType = sourcecode.cpp.cpp; path = Point.cpp; sourceTree = "<group>"; };
		04D122B021C77C560025A6FC /* Box.h */ = {isa = PBXFileReference; fileEncoding = 4; lastKnownFileType = sourcecode.c.h; path = Box.h; sourceTree = "<group>"; };
		04D122B121C77C560025A6FC /* Point.h */ = {isa = PBXFileReference; fileEncoding = 4; lastKnownFileType = sourcecode.c.h; path = Point.h; sourceTree = "<group>"; };
		04E529492192BFF8009FF3D7 /* FluidSystem.cpp */ = {isa = PBXFileReference; lastKnownFileType = sourcecode.cpp.cpp; path = FluidSystem.cpp; sourceTree = "<group>"; };
/* End PBXFileReference section */

/* Begin PBXFrameworksBuildPhase section */
		04472EF12178AA8C0041A20A /* Frameworks */ = {
			isa = PBXFrameworksBuildPhase;
			buildActionMask = 2147483647;
			files = (
				04474A3F23BDBBE0004451EA /* Cocoa.framework in Frameworks */,
				04474A4023BDBBE0004451EA /* IOKit.framework in Frameworks */,
				04474A3C23BDBBE0004451EA /* GLUT.framework in Frameworks */,
				04B6DFCA23C2E02100516FC9 /* libglfw3.a in Frameworks */,
				04474A3D23BDBBE0004451EA /* OpenGL.framework in Frameworks */,
				04B6DFC623C2DFEA00516FC9 /* libGLEW.a in Frameworks */,
				04B6DFC823C2E00C00516FC9 /* libgltools.a in Frameworks */,
				04474A4323BDBBE0004451EA /* CoreVideo.framework in Frameworks */,
			);
			runOnlyForDeploymentPostprocessing = 0;
		};
/* End PBXFrameworksBuildPhase section */

/* Begin PBXGroup section */
		04472EEB2178AA8C0041A20A = {
			isa = PBXGroup;
			children = (
				04472EF62178AA8C0041A20A /* SPH_T */,
				04472EF52178AA8C0041A20A /* Products */,
				04472EFE2178AAB10041A20A /* Frameworks */,
			);
			sourceTree = "<group>";
		};
		04472EF52178AA8C0041A20A /* Products */ = {
			isa = PBXGroup;
			children = (
				04472EF42178AA8C0041A20A /* SPH_T */,
			);
			name = Products;
			sourceTree = "<group>";
		};
		04472EF62178AA8C0041A20A /* SPH_T */ = {
			isa = PBXGroup;
			children = (
				04B98D3721D111FC00F15D07 /* sky.vs */,
				04B98D3821D111FC00F15D07 /* sky.frag */,
				04472F0C2178ADEF0041A20A /* water.vs */,
				04472F0D2178AE040041A20A /* water.frag */,
				04D122B121C77C560025A6FC /* Point.h */,
				04D122AF21C77C560025A6FC /* Point.cpp */,
				04D122B021C77C560025A6FC /* Box.h */,
				04D122AE21C77C560025A6FC /* Box.cpp */,
				04B7AE9921905637004D3EB3 /* NeighborTable.h */,
				04B7AE9D21906731004D3EB3 /* NeighborTable.cpp */,
				04B7AE9A2190566A004D3EB3 /* FluidSystem.h */,
				04E529492192BFF8009FF3D7 /* FluidSystem.cpp */,
				04472EF72178AA8C0041A20A /* main.cpp */,
				04472F052178ACEB0041A20A /* stb_image.cpp */,
				04472F092178AD390041A20A /* Camera.hpp */,
				04472F082178AD390041A20A /* shader.cpp */,
				04472F0A2178AD390041A20A /* shader.h */,
				04472F062178ACEB0041A20A /* stb_image.h */,
				045086AB21BBAA7D00BF1189 /* MarchingCube.h */,
				045086AA21BBAA7D00BF1189 /* MarchingCube.cpp */,
			);
			path = SPH_T;
			sourceTree = "<group>";
		};
		04472EFE2178AAB10041A20A /* Frameworks */ = {
			isa = PBXGroup;
			children = (
				04474A3823BDBBE0004451EA /* IOKit.framework */,
				04474A3B23BDBBE0004451EA /* CoreVideo.framework */,
				04474A3723BDBBE0004451EA /* Cocoa.framework */,
				04B6DFC523C2DFEA00516FC9 /* libGLEW.a */,
				04B6DFC923C2E02100516FC9 /* libglfw3.a */,
				04B6DFC723C2E00C00516FC9 /* libgltools.a */,
				04474A3523BDBBE0004451EA /* OpenGL.framework */,
				04474A3423BDBBE0004451EA /* GLUT.framework */,
			);
			name = Frameworks;
			sourceTree = "<group>";
		};
/* End PBXGroup section */

/* Begin PBXNativeTarget section */
		04472EF32178AA8C0041A20A /* SPH_T */ = {
			isa = PBXNativeTarget;
			buildConfigurationList = 04472EFB2178AA8C0041A20A /* Build configuration list for PBXNativeTarget "SPH_T" */;
			buildPhases = (
				04472EF02178AA8C0041A20A /* Sources */,
				04472EF12178AA8C0041A20A /* Frameworks */,
				04472EF22178AA8C0041A20A /* CopyFiles */,
				04B6DFCC23C2E36B00516FC9 /* CopyFiles */,
			);
			buildRules = (
			);
			dependencies = (
			);
			name = SPH_T;
			productName = PBR;
			productReference = 04472EF42178AA8C0041A20A /* SPH_T */;
			productType = "com.apple.product-type.tool";
		};
/* End PBXNativeTarget section */

/* Begin PBXProject section */
		04472EEC2178AA8C0041A20A /* Project object */ = {
			isa = PBXProject;
			attributes = {
				LastUpgradeCheck = 1000;
				ORGANIZATIONNAME = mac;
				TargetAttributes = {
					04472EF32178AA8C0041A20A = {
						CreatedOnToolsVersion = 10.0;
					};
				};
			};
			buildConfigurationList = 04472EEF2178AA8C0041A20A /* Build configuration list for PBXProject "SPH_T" */;
			compatibilityVersion = "Xcode 10.0";
			developmentRegion = en;
			hasScannedForEncodings = 0;
			knownRegions = (
				en,
			);
			mainGroup = 04472EEB2178AA8C0041A20A;
			productRefGroup = 04472EF52178AA8C0041A20A /* Products */;
			projectDirPath = "";
			projectRoot = "";
			targets = (
				04472EF32178AA8C0041A20A /* SPH_T */,
			);
		};
/* End PBXProject section */

/* Begin PBXSourcesBuildPhase section */
		04472EF02178AA8C0041A20A /* Sources */ = {
			isa = PBXSourcesBuildPhase;
			buildActionMask = 2147483647;
			files = (
				04E5294A2192BFF8009FF3D7 /* FluidSystem.cpp in Sources */,
				04D122B321C77C560025A6FC /* Point.cpp in Sources */,
				04472F0B2178AD390041A20A /* shader.cpp in Sources */,
				04472EF82178AA8C0041A20A /* main.cpp in Sources */,
				04B7AE9E21906731004D3EB3 /* NeighborTable.cpp in Sources */,
				04D122B221C77C560025A6FC /* Box.cpp in Sources */,
				04472F072178ACEB0041A20A /* stb_image.cpp in Sources */,
				045086AC21BBAA7D00BF1189 /* MarchingCube.cpp in Sources */,
			);
			runOnlyForDeploymentPostprocessing = 0;
		};
/* End PBXSourcesBuildPhase section */

/* Begin XCBuildConfiguration section */
		04472EF92178AA8C0041A20A /* Debug */ = {
			isa = XCBuildConfiguration;
			buildSettings = {
				ALWAYS_SEARCH_USER_PATHS = NO;
				CLANG_ANALYZER_NONNULL = YES;
				CLANG_ANALYZER_NUMBER_OBJECT_CONVERSION = YES_AGGRESSIVE;
				CLANG_CXX_LANGUAGE_STANDARD = "gnu++14";
				CLANG_CXX_LIBRARY = "libc++";
				CLANG_ENABLE_MODULES = YES;
				CLANG_ENABLE_OBJC_ARC = YES;
				CLANG_ENABLE_OBJC_WEAK = YES;
				CLANG_WARN_BLOCK_CAPTURE_AUTORELEASING = YES;
				CLANG_WARN_BOOL_CONVERSION = YES;
				CLANG_WARN_COMMA = YES;
				CLANG_WARN_CONSTANT_CONVERSION = YES;
				CLANG_WARN_DEPRECATED_OBJC_IMPLEMENTATIONS = YES;
				CLANG_WARN_DIRECT_OBJC_ISA_USAGE = YES_ERROR;
				CLANG_WARN_DOCUMENTATION_COMMENTS = YES;
				CLANG_WARN_EMPTY_BODY = YES;
				CLANG_WARN_ENUM_CONVERSION = YES;
				CLANG_WARN_INFINITE_RECURSION = YES;
				CLANG_WARN_INT_CONVERSION = YES;
				CLANG_WARN_NON_LITERAL_NULL_CONVERSION = YES;
				CLANG_WARN_OBJC_IMPLICIT_RETAIN_SELF = YES;
				CLANG_WARN_OBJC_LITERAL_CONVERSION = YES;
				CLANG_WARN_OBJC_ROOT_CLASS = YES_ERROR;
				CLANG_WARN_RANGE_LOOP_ANALYSIS = YES;
				CLANG_WARN_STRICT_PROTOTYPES = YES;
				CLANG_WARN_SUSPICIOUS_MOVE = YES;
				CLANG_WARN_UNGUARDED_AVAILABILITY = YES_AGGRESSIVE;
				CLANG_WARN_UNREACHABLE_CODE = YES;
				CLANG_WARN__DUPLICATE_METHOD_MATCH = YES;
				CODE_SIGN_IDENTITY = "-";
				COPY_PHASE_STRIP = NO;
				DEBUG_INFORMATION_FORMAT = dwarf;
				ENABLE_STRICT_OBJC_MSGSEND = YES;
				ENABLE_TESTABILITY = YES;
				GCC_C_LANGUAGE_STANDARD = gnu11;
				GCC_DYNAMIC_NO_PIC = NO;
				GCC_NO_COMMON_BLOCKS = YES;
				GCC_OPTIMIZATION_LEVEL = 0;
				GCC_PREPROCESSOR_DEFINITIONS = (
					"DEBUG=1",
					"$(inherited)",
				);
				GCC_WARN_64_TO_32_BIT_CONVERSION = YES;
				GCC_WARN_ABOUT_RETURN_TYPE = YES_ERROR;
				GCC_WARN_UNDECLARED_SELECTOR = YES;
				GCC_WARN_UNINITIALIZED_AUTOS = YES_AGGRESSIVE;
				GCC_WARN_UNUSED_FUNCTION = YES;
				GCC_WARN_UNUSED_VARIABLE = YES;
				MACOSX_DEPLOYMENT_TARGET = 10.13;
				MTL_ENABLE_DEBUG_INFO = INCLUDE_SOURCE;
				MTL_FAST_MATH = YES;
				ONLY_ACTIVE_ARCH = YES;
				SDKROOT = macosx;
			};
			name = Debug;
		};
		04472EFA2178AA8C0041A20A /* Release */ = {
			isa = XCBuildConfiguration;
			buildSettings = {
				ALWAYS_SEARCH_USER_PATHS = NO;
				CLANG_ANALYZER_NONNULL = YES;
				CLANG_ANALYZER_NUMBER_OBJECT_CONVERSION = YES_AGGRESSIVE;
				CLANG_CXX_LANGUAGE_STANDARD = "gnu++14";
				CLANG_CXX_LIBRARY = "libc++";
				CLANG_ENABLE_MODULES = YES;
				CLANG_ENABLE_OBJC_ARC = YES;
				CLANG_ENABLE_OBJC_WEAK = YES;
				CLANG_WARN_BLOCK_CAPTURE_AUTORELEASING = YES;
				CLANG_WARN_BOOL_CONVERSION = YES;
				CLANG_WARN_COMMA = YES;
				CLANG_WARN_CONSTANT_CONVERSION = YES;
				CLANG_WARN_DEPRECATED_OBJC_IMPLEMENTATIONS = YES;
				CLANG_WARN_DIRECT_OBJC_ISA_USAGE = YES_ERROR;
				CLANG_WARN_DOCUMENTATION_COMMENTS = YES;
				CLANG_WARN_EMPTY_BODY = YES;
				CLANG_WARN_ENUM_CONVERSION = YES;
				CLANG_WARN_INFINITE_RECURSION = YES;
				CLANG_WARN_INT_CONVERSION = YES;
				CLANG_WARN_NON_LITERAL_NULL_CONVERSION = YES;
				CLANG_WARN_OBJC_IMPLICIT_RETAIN_SELF = YES;
				CLANG_WARN_OBJC_LITERAL_CONVERSION = YES;
				CLANG_WARN_OBJC_ROOT_CLASS = YES_ERROR;
				CLANG_WARN_RANGE_LOOP_ANALYSIS = YES;
				CLANG_WARN_STRICT_PROTOTYPES = YES;
				CLANG_WARN_SUSPICIOUS_MOVE = YES;
				CLANG_WARN_UNGUARDED_AVAILABILITY = YES_AGGRESSIVE;
				CLANG_WARN_UNREACHABLE_CODE = YES;
				CLANG_WARN__DUPLICATE_METHOD_MATCH = YES;
				CODE_SIGN_IDENTITY = "-";
				COPY_PHASE_STRIP = NO;
				DEBUG_INFORMATION_FORMAT = "dwarf-with-dsym";
				ENABLE_NS_ASSERTIONS = NO;
				ENABLE_STRICT_OBJC_MSGSEND = YES;
				GCC_C_LANGUAGE_STANDARD = gnu11;
				GCC_NO_COMMON_BLOCKS = YES;
				GCC_WARN_64_TO_32_BIT_CONVERSION = YES;
				GCC_WARN_ABOUT_RETURN_TYPE = YES_ERROR;
				GCC_WARN_UNDECLARED_SELECTOR = YES;
				GCC_WARN_UNINITIALIZED_AUTOS = YES_AGGRESSIVE;
				GCC_WARN_UNUSED_FUNCTION = YES;
				GCC_WARN_UNUSED_VARIABLE = YES;
				MACOSX_DEPLOYMENT_TARGET = 10.13;
				MTL_ENABLE_DEBUG_INFO = NO;
				MTL_FAST_MATH = YES;
				SDKROOT = macosx;
			};
			name = Release;
		};
		04472EFC2178AA8C0041A20A /* Debug */ = {
			isa = XCBuildConfiguration;
			buildSettings = {
				CODE_SIGN_STYLE = Automatic;
				HEADER_SEARCH_PATHS = (
					"\"$(SRCROOT)/source/local/include\"",
					"\"$(SRCROOT)/source/glew/2.1.0_1/include\"",
					"\"$(SRCROOT)/source/include\"",
				);
				LIBRARY_SEARCH_PATHS = (
					"\"$(SRCROOT)/source/glew/2.1.0_1/lib\"",
					"\"$(SRCROOT)/source/lib/local/lib\"",
					"\"$(SRCROOT)/source/lib/GLTools/build\"",
					"\"$(SRCROOT)/source/lib/glfw-3.3/build/src\"",
					"$(PROJECT_DIR)/source/glew/2.1.0_1/lib",
					"$(PROJECT_DIR)/source/lib/GLTools/build",
					"$(PROJECT_DIR)/source/lib/local/lib",
				);
				PRODUCT_NAME = "$(TARGET_NAME)";
			};
			name = Debug;
		};
		04472EFD2178AA8C0041A20A /* Release */ = {
			isa = XCBuildConfiguration;
			buildSettings = {
				CODE_SIGN_STYLE = Automatic;
				HEADER_SEARCH_PATHS = (
					"\"$(SRCROOT)/source/local/include\"",
					"\"$(SRCROOT)/source/glew/2.1.0_1/include\"",
					"\"$(SRCROOT)/source/include\"",
				);
				LIBRARY_SEARCH_PATHS = (
					"\"$(SRCROOT)/source/glew/2.1.0_1/lib\"",
					"\"$(SRCROOT)/source/lib/local/lib\"",
					"\"$(SRCROOT)/source/lib/GLTools/build\"",
					"\"$(SRCROOT)/source/lib/glfw-3.3/build/src\"",
					"$(PROJECT_DIR)/source/glew/2.1.0_1/lib",
					"$(PROJECT_DIR)/source/lib/GLTools/build",
					"$(PROJECT_DIR)/source/lib/local/lib",
				);
				PRODUCT_NAME = "$(TARGET_NAME)";
			};
			name = Release;
		};
/* End XCBuildConfiguration section */

/* Begin XCConfigurationList section */
		04472EEF2178AA8C0041A20A /* Build configuration list for PBXProject "SPH_T" */ = {
			isa = XCConfigurationList;
			buildConfigurations = (
				04472EF92178AA8C0041A20A /* Debug */,
				04472EFA2178AA8C0041A20A /* Release */,
			);
			defaultConfigurationIsVisible = 0;
			defaultConfigurationName = Release;
		};
		04472EFB2178AA8C0041A20A /* Build configuration list for PBXNativeTarget "SPH_T" */ = {
			isa = XCConfigurationList;
			buildConfigurations = (
				04472EFC2178AA8C0041A20A /* Debug */,
				04472EFD2178AA8C0041A20A /* Release */,
			);
			defaultConfigurationIsVisible = 0;
			defaultConfigurationName = Release;
		};
/* End XCConfigurationList section */
	};
	rootObject = 04472EEC2178AA8C0041A20A /* Project object */;
}
