<?xml version="1.0" encoding="UTF-8"?>
<Scheme
   version = "1.3">
   <BuildAction>
      <BuildActionEntries>
         <BuildActionEntry
            buildForRunning = "YES">
            <BuildableReference
               BuildableIdentifier = "primary"
               BlueprintIdentifier = "A530C8A5221432FA002492DC"
               BuildableName = "SocketDemoiOS.app"
               BlueprintName = "SocketDemoiOS"
               ReferencedContainer = "container:SocketDemoiOS.xcodeproj">
            </BuildableReference>
         </BuildActionEntry>
      </BuildActionEntries>
   </BuildAction>
   <LaunchAction
      useCustomWorkingDirectory = "NO"
      buildConfiguration = "Debug"
      allowLocationSimulation = "YES">
      <BuildableProductRunnable>
         <BuildableReference
            BuildableIdentifier = "primary"
            BlueprintIdentifier = "A530C8A5221432FA002492DC"
            BuildableName = "SocketDemoiOS.app"
            BlueprintName = "SocketDemoiOS"
            ReferencedContainer = "container:SocketDemoiOS.xcodeproj">
         </BuildableReference>
      </BuildableProductRunnable>
   </LaunchAction>
</Scheme>
